// !$*UTF8*$!
{
	archiveVersion = 1;
	classes = {
	};
	objectVersion = 56;
	objects = {

/* Begin PBXBuildFile section */
		25629D942C4E586100CDD2AD /* AppDelegate.swift in Sources */ = {isa = PBXBuildFile; fileRef = 25629D932C4E586100CDD2AD /* AppDelegate.swift */; };
		25629D962C4E586100CDD2AD /* SceneDelegate.swift in Sources */ = {isa = PBXBuildFile; fileRef = 25629D952C4E586100CDD2AD /* SceneDelegate.swift */; };
		25629D982C4E586100CDD2AD /* MainViewController.swift in Sources */ = {isa = PBXBuildFile; fileRef = 25629D972C4E586100CDD2AD /* MainViewController.swift */; };
		25629DA02C4E586200CDD2AD /* Assets.xcassets in Resources */ = {isa = PBXBuildFile; fileRef = 25629D9F2C4E586200CDD2AD /* Assets.xcassets */; };
		25629DA32C4E586200CDD2AD /* Base in Resources */ = {isa = PBXBuildFile; fileRef = 25629DA22C4E586200CDD2AD /* Base */; };
		25629DB12C4E95A800CDD2AD /* LayoutEdge.swift in Sources */ = {isa = PBXBuildFile; fileRef = 25629DAE2C4E95A800CDD2AD /* LayoutEdge.swift */; };
		25629DB22C4E95A800CDD2AD /* SequenceOptionSet.swift in Sources */ = {isa = PBXBuildFile; fileRef = 25629DAF2C4E95A800CDD2AD /* SequenceOptionSet.swift */; };
		25629DB32C4E95A800CDD2AD /* OptionSetIterator.swift in Sources */ = {isa = PBXBuildFile; fileRef = 25629DB02C4E95A800CDD2AD /* OptionSetIterator.swift */; };
		25629DB62C4E967E00CDD2AD /* MainViewModel.swift in Sources */ = {isa = PBXBuildFile; fileRef = 25629DB52C4E967E00CDD2AD /* MainViewModel.swift */; };
		25629DBB2C4E99DE00CDD2AD /* NetworkError.swift in Sources */ = {isa = PBXBuildFile; fileRef = 25629DB82C4E99DE00CDD2AD /* NetworkError.swift */; };
		25629DBC2C4E99DE00CDD2AD /* RequestManager.swift in Sources */ = {isa = PBXBuildFile; fileRef = 25629DB92C4E99DE00CDD2AD /* RequestManager.swift */; };
		25629DBD2C4E99DE00CDD2AD /* ServiceProtocol.swift in Sources */ = {isa = PBXBuildFile; fileRef = 25629DBA2C4E99DE00CDD2AD /* ServiceProtocol.swift */; };
		25629DBF2C4EA47100CDD2AD /* EmptyResponse.swift in Sources */ = {isa = PBXBuildFile; fileRef = 25629DBE2C4EA47100CDD2AD /* EmptyResponse.swift */; };
		25629DC12C4EA49D00CDD2AD /* HTTPMethod.swift in Sources */ = {isa = PBXBuildFile; fileRef = 25629DC02C4EA49D00CDD2AD /* HTTPMethod.swift */; };
		25629DC32C4EA57F00CDD2AD /* MainView.swift in Sources */ = {isa = PBXBuildFile; fileRef = 25629DC22C4EA57F00CDD2AD /* MainView.swift */; };
		25629DC52C4EA5CD00CDD2AD /* BaseView.swift in Sources */ = {isa = PBXBuildFile; fileRef = 25629DC42C4EA5CD00CDD2AD /* BaseView.swift */; };
		25629DCC2C4EACA000CDD2AD /* Poppins-Bold.ttf in Resources */ = {isa = PBXBuildFile; fileRef = 25629DC62C4EACA000CDD2AD /* Poppins-Bold.ttf */; };
		25629DCD2C4EACA000CDD2AD /* Poppins-Light.ttf in Resources */ = {isa = PBXBuildFile; fileRef = 25629DC72C4EACA000CDD2AD /* Poppins-Light.ttf */; };
		25629DCE2C4EACA000CDD2AD /* Poppins-Medium.ttf in Resources */ = {isa = PBXBuildFile; fileRef = 25629DC82C4EACA000CDD2AD /* Poppins-Medium.ttf */; };
		25629DCF2C4EACA000CDD2AD /* Poppins-Regular.ttf in Resources */ = {isa = PBXBuildFile; fileRef = 25629DC92C4EACA000CDD2AD /* Poppins-Regular.ttf */; };
		25629DD02C4EACA000CDD2AD /* Poppins-SemiBold.ttf in Resources */ = {isa = PBXBuildFile; fileRef = 25629DCA2C4EACA000CDD2AD /* Poppins-SemiBold.ttf */; };
		25629DD22C4EACB700CDD2AD /* UIFont+Ext.swift in Sources */ = {isa = PBXBuildFile; fileRef = 25629DD12C4EACB700CDD2AD /* UIFont+Ext.swift */; };
		25629DD72C4EB3C100CDD2AD /* SearchView.swift in Sources */ = {isa = PBXBuildFile; fileRef = 25629DD62C4EB3C100CDD2AD /* SearchView.swift */; };
		25629DD92C4ECC9A00CDD2AD /* UIView+Ext.swift in Sources */ = {isa = PBXBuildFile; fileRef = 25629DD82C4ECC9A00CDD2AD /* UIView+Ext.swift */; };
		25629DDB2C4ED6B300CDD2AD /* Size.swift in Sources */ = {isa = PBXBuildFile; fileRef = 25629DDA2C4ED6B300CDD2AD /* Size.swift */; };
		25629DDD2C4EE58500CDD2AD /* Endpoint.swift in Sources */ = {isa = PBXBuildFile; fileRef = 25629DDC2C4EE58500CDD2AD /* Endpoint.swift */; };
		25629DDF2C4EE5D300CDD2AD /* GitHubService.swift in Sources */ = {isa = PBXBuildFile; fileRef = 25629DDE2C4EE5D300CDD2AD /* GitHubService.swift */; };
		25629DE12C4EE78600CDD2AD /* UserInfo.swift in Sources */ = {isa = PBXBuildFile; fileRef = 25629DE02C4EE78600CDD2AD /* UserInfo.swift */; };
		25629DE32C4EE79E00CDD2AD /* SearchResult.swift in Sources */ = {isa = PBXBuildFile; fileRef = 25629DE22C4EE79E00CDD2AD /* SearchResult.swift */; };
		25629DE52C503C2800CDD2AD /* UserCell.swift in Sources */ = {isa = PBXBuildFile; fileRef = 25629DE42C503C2800CDD2AD /* UserCell.swift */; };
		25629DE72C503C5C00CDD2AD /* BaseCell.swift in Sources */ = {isa = PBXBuildFile; fileRef = 25629DE62C503C5C00CDD2AD /* BaseCell.swift */; };
		25629DE92C50429D00CDD2AD /* UIStackView+Ext.swift in Sources */ = {isa = PBXBuildFile; fileRef = 25629DE82C50429D00CDD2AD /* UIStackView+Ext.swift */; };
		25629DEB2C50647300CDD2AD /* ImageCache.swift in Sources */ = {isa = PBXBuildFile; fileRef = 25629DEA2C50647300CDD2AD /* ImageCache.swift */; };
		25629DED2C5064B800CDD2AD /* UIImageView+Ext.swift in Sources */ = {isa = PBXBuildFile; fileRef = 25629DEC2C5064B800CDD2AD /* UIImageView+Ext.swift */; };
		25629DEF2C51672200CDD2AD /* PlaceholderType.swift in Sources */ = {isa = PBXBuildFile; fileRef = 25629DEE2C51672200CDD2AD /* PlaceholderType.swift */; };
		25629DF32C51972100CDD2AD /* ProfileView.swift in Sources */ = {isa = PBXBuildFile; fileRef = 25629DF22C51972100CDD2AD /* ProfileView.swift */; };
		25629DF52C51974B00CDD2AD /* SwiftUIViewController.swift in Sources */ = {isa = PBXBuildFile; fileRef = 25629DF42C51974B00CDD2AD /* SwiftUIViewController.swift */; };
		25629DF72C51990100CDD2AD /* ProfileViewModel.swift in Sources */ = {isa = PBXBuildFile; fileRef = 25629DF62C51990100CDD2AD /* ProfileViewModel.swift */; };
		25629DFA2C519C4800CDD2AD /* UserDetails.swift in Sources */ = {isa = PBXBuildFile; fileRef = 25629DF92C519C4800CDD2AD /* UserDetails.swift */; };
		25629DFC2C51A5AE00CDD2AD /* AsyncImage.swift in Sources */ = {isa = PBXBuildFile; fileRef = 25629DFB2C51A5AE00CDD2AD /* AsyncImage.swift */; };
		25629DFE2C52556800CDD2AD /* Font+Ext.swift in Sources */ = {isa = PBXBuildFile; fileRef = 25629DFD2C52556800CDD2AD /* Font+Ext.swift */; };
		25629E002C52580F00CDD2AD /* PillText.swift in Sources */ = {isa = PBXBuildFile; fileRef = 25629DFF2C52580F00CDD2AD /* PillText.swift */; };
		25629E022C525BCE00CDD2AD /* UIImage+Ext.swift in Sources */ = {isa = PBXBuildFile; fileRef = 25629E012C525BCE00CDD2AD /* UIImage+Ext.swift */; };
		25629E042C52656500CDD2AD /* SearchType.swift in Sources */ = {isa = PBXBuildFile; fileRef = 25629E032C52656500CDD2AD /* SearchType.swift */; };
		25629E062C52F76B00CDD2AD /* TitledText.swift in Sources */ = {isa = PBXBuildFile; fileRef = 25629E052C52F76B00CDD2AD /* TitledText.swift */; };
		25629E092C52FD1E00CDD2AD /* CoreDataManager.swift in Sources */ = {isa = PBXBuildFile; fileRef = 25629E082C52FD1E00CDD2AD /* CoreDataManager.swift */; };
		25629E0B2C52FF8700CDD2AD /* UserInfo+Ext.swift in Sources */ = {isa = PBXBuildFile; fileRef = 25629E0A2C52FF8700CDD2AD /* UserInfo+Ext.swift */; };
		25629E0E2C53015E00CDD2AD /* Model.xcdatamodeld in Sources */ = {isa = PBXBuildFile; fileRef = 25629E0C2C53015E00CDD2AD /* Model.xcdatamodeld */; };
		25629E4F2C53CF3A00CDD2AD /* tawk_to_appTests.swift in Sources */ = {isa = PBXBuildFile; fileRef = 25629E4E2C53CF3A00CDD2AD /* tawk_to_appTests.swift */; };
		25629E562C53D09000CDD2AD /* MockedRequestManager.swift in Sources */ = {isa = PBXBuildFile; fileRef = 25629E552C53D09000CDD2AD /* MockedRequestManager.swift */; };
		25629E572C53D09600CDD2AD /* MockedRequestManager.swift in Sources */ = {isa = PBXBuildFile; fileRef = 25629E552C53D09000CDD2AD /* MockedRequestManager.swift */; };
		25629E592C53D0B400CDD2AD /* MockedCoreDataManager.swift in Sources */ = {isa = PBXBuildFile; fileRef = 25629E582C53D0B400CDD2AD /* MockedCoreDataManager.swift */; };
		25629E5A2C53D0B900CDD2AD /* MockedCoreDataManager.swift in Sources */ = {isa = PBXBuildFile; fileRef = 25629E582C53D0B400CDD2AD /* MockedCoreDataManager.swift */; };
		25629E5E2C53D16200CDD2AD /* RequestManager.swift in Sources */ = {isa = PBXBuildFile; fileRef = 25629DB92C4E99DE00CDD2AD /* RequestManager.swift */; };
		25629E5F2C53D17500CDD2AD /* MainViewModel.swift in Sources */ = {isa = PBXBuildFile; fileRef = 25629DB52C4E967E00CDD2AD /* MainViewModel.swift */; };
		25629E602C53D17D00CDD2AD /* CoreDataManager.swift in Sources */ = {isa = PBXBuildFile; fileRef = 25629E082C52FD1E00CDD2AD /* CoreDataManager.swift */; };
		25629E622C53D18800CDD2AD /* SearchType.swift in Sources */ = {isa = PBXBuildFile; fileRef = 25629E032C52656500CDD2AD /* SearchType.swift */; };
		25629E632C53D18D00CDD2AD /* SearchResult.swift in Sources */ = {isa = PBXBuildFile; fileRef = 25629DE22C4EE79E00CDD2AD /* SearchResult.swift */; };
		25629E642C53D19000CDD2AD /* ServiceProtocol.swift in Sources */ = {isa = PBXBuildFile; fileRef = 25629DBA2C4E99DE00CDD2AD /* ServiceProtocol.swift */; };
		25629E652C53D1B300CDD2AD /* HTTPMethod.swift in Sources */ = {isa = PBXBuildFile; fileRef = 25629DC02C4EA49D00CDD2AD /* HTTPMethod.swift */; };
		25629E662C53D1BB00CDD2AD /* NetworkError.swift in Sources */ = {isa = PBXBuildFile; fileRef = 25629DB82C4E99DE00CDD2AD /* NetworkError.swift */; };
		25629E672C53D1BF00CDD2AD /* EmptyResponse.swift in Sources */ = {isa = PBXBuildFile; fileRef = 25629DBE2C4EA47100CDD2AD /* EmptyResponse.swift */; };
		25629E682C53D1CB00CDD2AD /* GitHubService.swift in Sources */ = {isa = PBXBuildFile; fileRef = 25629DDE2C4EE5D300CDD2AD /* GitHubService.swift */; };
		25629E692C53D1CE00CDD2AD /* PlaceholderType.swift in Sources */ = {isa = PBXBuildFile; fileRef = 25629DEE2C51672200CDD2AD /* PlaceholderType.swift */; };
		25629E6C2C53D1F100CDD2AD /* Endpoint.swift in Sources */ = {isa = PBXBuildFile; fileRef = 25629DDC2C4EE58500CDD2AD /* Endpoint.swift */; };
		25629E6D2C53D82400CDD2AD /* UserInfo.swift in Sources */ = {isa = PBXBuildFile; fileRef = 25629DE02C4EE78600CDD2AD /* UserInfo.swift */; };
		25629E6F2C53D93E00CDD2AD /* Model.xcdatamodeld in Sources */ = {isa = PBXBuildFile; fileRef = 25629E0C2C53015E00CDD2AD /* Model.xcdatamodeld */; };
		25629E702C53D94800CDD2AD /* UserInfo+Ext.swift in Sources */ = {isa = PBXBuildFile; fileRef = 25629E0A2C52FF8700CDD2AD /* UserInfo+Ext.swift */; };
/* End PBXBuildFile section */

/* Begin PBXContainerItemProxy section */
		25629E502C53CF3A00CDD2AD /* PBXContainerItemProxy */ = {
			isa = PBXContainerItemProxy;
			containerPortal = 25629D882C4E586100CDD2AD /* Project object */;
			proxyType = 1;
			remoteGlobalIDString = 25629D8F2C4E586100CDD2AD;
			remoteInfo = tawk.to.app;
		};
/* End PBXContainerItemProxy section */

/* Begin PBXFileReference section */
		25629D902C4E586100CDD2AD /* tawk.to.app.app */ = {isa = PBXFileReference; explicitFileType = wrapper.application; includeInIndex = 0; path = tawk.to.app.app; sourceTree = BUILT_PRODUCTS_DIR; };
		25629D932C4E586100CDD2AD /* AppDelegate.swift */ = {isa = PBXFileReference; lastKnownFileType = sourcecode.swift; path = AppDelegate.swift; sourceTree = "<group>"; };
		25629D952C4E586100CDD2AD /* SceneDelegate.swift */ = {isa = PBXFileReference; lastKnownFileType = sourcecode.swift; path = SceneDelegate.swift; sourceTree = "<group>"; };
		25629D972C4E586100CDD2AD /* MainViewController.swift */ = {isa = PBXFileReference; lastKnownFileType = sourcecode.swift; path = MainViewController.swift; sourceTree = "<group>"; };
		25629D9F2C4E586200CDD2AD /* Assets.xcassets */ = {isa = PBXFileReference; lastKnownFileType = folder.assetcatalog; path = Assets.xcassets; sourceTree = "<group>"; };
		25629DA22C4E586200CDD2AD /* Base */ = {isa = PBXFileReference; lastKnownFileType = file.storyboard; name = Base; path = Base.lproj/LaunchScreen.storyboard; sourceTree = "<group>"; };
		25629DA42C4E586200CDD2AD /* Info.plist */ = {isa = PBXFileReference; lastKnownFileType = text.plist.xml; path = Info.plist; sourceTree = "<group>"; };
		25629DAE2C4E95A800CDD2AD /* LayoutEdge.swift */ = {isa = PBXFileReference; fileEncoding = 4; lastKnownFileType = sourcecode.swift; path = LayoutEdge.swift; sourceTree = "<group>"; };
		25629DAF2C4E95A800CDD2AD /* SequenceOptionSet.swift */ = {isa = PBXFileReference; fileEncoding = 4; lastKnownFileType = sourcecode.swift; path = SequenceOptionSet.swift; sourceTree = "<group>"; };
		25629DB02C4E95A800CDD2AD /* OptionSetIterator.swift */ = {isa = PBXFileReference; fileEncoding = 4; lastKnownFileType = sourcecode.swift; path = OptionSetIterator.swift; sourceTree = "<group>"; };
		25629DB52C4E967E00CDD2AD /* MainViewModel.swift */ = {isa = PBXFileReference; lastKnownFileType = sourcecode.swift; path = MainViewModel.swift; sourceTree = "<group>"; };
		25629DB82C4E99DE00CDD2AD /* NetworkError.swift */ = {isa = PBXFileReference; fileEncoding = 4; lastKnownFileType = sourcecode.swift; path = NetworkError.swift; sourceTree = "<group>"; };
		25629DB92C4E99DE00CDD2AD /* RequestManager.swift */ = {isa = PBXFileReference; fileEncoding = 4; lastKnownFileType = sourcecode.swift; path = RequestManager.swift; sourceTree = "<group>"; };
		25629DBA2C4E99DE00CDD2AD /* ServiceProtocol.swift */ = {isa = PBXFileReference; fileEncoding = 4; lastKnownFileType = sourcecode.swift; path = ServiceProtocol.swift; sourceTree = "<group>"; };
		25629DBE2C4EA47100CDD2AD /* EmptyResponse.swift */ = {isa = PBXFileReference; lastKnownFileType = sourcecode.swift; path = EmptyResponse.swift; sourceTree = "<group>"; };
		25629DC02C4EA49D00CDD2AD /* HTTPMethod.swift */ = {isa = PBXFileReference; lastKnownFileType = sourcecode.swift; path = HTTPMethod.swift; sourceTree = "<group>"; };
		25629DC22C4EA57F00CDD2AD /* MainView.swift */ = {isa = PBXFileReference; lastKnownFileType = sourcecode.swift; path = MainView.swift; sourceTree = "<group>"; };
		25629DC42C4EA5CD00CDD2AD /* BaseView.swift */ = {isa = PBXFileReference; lastKnownFileType = sourcecode.swift; path = BaseView.swift; sourceTree = "<group>"; };
		25629DC62C4EACA000CDD2AD /* Poppins-Bold.ttf */ = {isa = PBXFileReference; lastKnownFileType = file; path = "Poppins-Bold.ttf"; sourceTree = "<group>"; };
		25629DC72C4EACA000CDD2AD /* Poppins-Light.ttf */ = {isa = PBXFileReference; lastKnownFileType = file; path = "Poppins-Light.ttf"; sourceTree = "<group>"; };
		25629DC82C4EACA000CDD2AD /* Poppins-Medium.ttf */ = {isa = PBXFileReference; lastKnownFileType = file; path = "Poppins-Medium.ttf"; sourceTree = "<group>"; };
		25629DC92C4EACA000CDD2AD /* Poppins-Regular.ttf */ = {isa = PBXFileReference; lastKnownFileType = file; path = "Poppins-Regular.ttf"; sourceTree = "<group>"; };
		25629DCA2C4EACA000CDD2AD /* Poppins-SemiBold.ttf */ = {isa = PBXFileReference; lastKnownFileType = file; path = "Poppins-SemiBold.ttf"; sourceTree = "<group>"; };
		25629DD12C4EACB700CDD2AD /* UIFont+Ext.swift */ = {isa = PBXFileReference; fileEncoding = 4; lastKnownFileType = sourcecode.swift; path = "UIFont+Ext.swift"; sourceTree = "<group>"; };
		25629DD62C4EB3C100CDD2AD /* SearchView.swift */ = {isa = PBXFileReference; lastKnownFileType = sourcecode.swift; path = SearchView.swift; sourceTree = "<group>"; };
		25629DD82C4ECC9A00CDD2AD /* UIView+Ext.swift */ = {isa = PBXFileReference; lastKnownFileType = sourcecode.swift; path = "UIView+Ext.swift"; sourceTree = "<group>"; };
		25629DDA2C4ED6B300CDD2AD /* Size.swift */ = {isa = PBXFileReference; lastKnownFileType = sourcecode.swift; path = Size.swift; sourceTree = "<group>"; };
		25629DDC2C4EE58500CDD2AD /* Endpoint.swift */ = {isa = PBXFileReference; lastKnownFileType = sourcecode.swift; path = Endpoint.swift; sourceTree = "<group>"; };
		25629DDE2C4EE5D300CDD2AD /* GitHubService.swift */ = {isa = PBXFileReference; lastKnownFileType = sourcecode.swift; path = GitHubService.swift; sourceTree = "<group>"; };
		25629DE02C4EE78600CDD2AD /* UserInfo.swift */ = {isa = PBXFileReference; lastKnownFileType = sourcecode.swift; path = UserInfo.swift; sourceTree = "<group>"; };
		25629DE22C4EE79E00CDD2AD /* SearchResult.swift */ = {isa = PBXFileReference; lastKnownFileType = sourcecode.swift; path = SearchResult.swift; sourceTree = "<group>"; };
		25629DE42C503C2800CDD2AD /* UserCell.swift */ = {isa = PBXFileReference; lastKnownFileType = sourcecode.swift; path = UserCell.swift; sourceTree = "<group>"; };
		25629DE62C503C5C00CDD2AD /* BaseCell.swift */ = {isa = PBXFileReference; lastKnownFileType = sourcecode.swift; path = BaseCell.swift; sourceTree = "<group>"; };
		25629DE82C50429D00CDD2AD /* UIStackView+Ext.swift */ = {isa = PBXFileReference; lastKnownFileType = sourcecode.swift; path = "UIStackView+Ext.swift"; sourceTree = "<group>"; };
		25629DEA2C50647300CDD2AD /* ImageCache.swift */ = {isa = PBXFileReference; lastKnownFileType = sourcecode.swift; path = ImageCache.swift; sourceTree = "<group>"; };
		25629DEC2C5064B800CDD2AD /* UIImageView+Ext.swift */ = {isa = PBXFileReference; lastKnownFileType = sourcecode.swift; path = "UIImageView+Ext.swift"; sourceTree = "<group>"; };
		25629DEE2C51672200CDD2AD /* PlaceholderType.swift */ = {isa = PBXFileReference; lastKnownFileType = sourcecode.swift; path = PlaceholderType.swift; sourceTree = "<group>"; };
		25629DF22C51972100CDD2AD /* ProfileView.swift */ = {isa = PBXFileReference; lastKnownFileType = sourcecode.swift; path = ProfileView.swift; sourceTree = "<group>"; };
		25629DF42C51974B00CDD2AD /* SwiftUIViewController.swift */ = {isa = PBXFileReference; lastKnownFileType = sourcecode.swift; path = SwiftUIViewController.swift; sourceTree = "<group>"; };
		25629DF62C51990100CDD2AD /* ProfileViewModel.swift */ = {isa = PBXFileReference; lastKnownFileType = sourcecode.swift; path = ProfileViewModel.swift; sourceTree = "<group>"; };
		25629DF92C519C4800CDD2AD /* UserDetails.swift */ = {isa = PBXFileReference; lastKnownFileType = sourcecode.swift; path = UserDetails.swift; sourceTree = "<group>"; };
		25629DFB2C51A5AE00CDD2AD /* AsyncImage.swift */ = {isa = PBXFileReference; lastKnownFileType = sourcecode.swift; path = AsyncImage.swift; sourceTree = "<group>"; };
		25629DFD2C52556800CDD2AD /* Font+Ext.swift */ = {isa = PBXFileReference; lastKnownFileType = sourcecode.swift; path = "Font+Ext.swift"; sourceTree = "<group>"; };
		25629DFF2C52580F00CDD2AD /* PillText.swift */ = {isa = PBXFileReference; lastKnownFileType = sourcecode.swift; path = PillText.swift; sourceTree = "<group>"; };
		25629E012C525BCE00CDD2AD /* UIImage+Ext.swift */ = {isa = PBXFileReference; lastKnownFileType = sourcecode.swift; path = "UIImage+Ext.swift"; sourceTree = "<group>"; };
		25629E032C52656500CDD2AD /* SearchType.swift */ = {isa = PBXFileReference; lastKnownFileType = sourcecode.swift; path = SearchType.swift; sourceTree = "<group>"; };
		25629E052C52F76B00CDD2AD /* TitledText.swift */ = {isa = PBXFileReference; lastKnownFileType = sourcecode.swift; path = TitledText.swift; sourceTree = "<group>"; };
		25629E082C52FD1E00CDD2AD /* CoreDataManager.swift */ = {isa = PBXFileReference; lastKnownFileType = sourcecode.swift; path = CoreDataManager.swift; sourceTree = "<group>"; };
		25629E0A2C52FF8700CDD2AD /* UserInfo+Ext.swift */ = {isa = PBXFileReference; lastKnownFileType = sourcecode.swift; path = "UserInfo+Ext.swift"; sourceTree = "<group>"; };
		25629E0D2C53015E00CDD2AD /* UserInfoEntity.xcdatamodel */ = {isa = PBXFileReference; lastKnownFileType = wrapper.xcdatamodel; path = UserInfoEntity.xcdatamodel; sourceTree = "<group>"; };
		25629E1E2C5320BF00CDD2AD /* XCTest.framework */ = {isa = PBXFileReference; lastKnownFileType = wrapper.framework; name = XCTest.framework; path = Platforms/iPhoneOS.platform/Developer/Library/Frameworks/XCTest.framework; sourceTree = DEVELOPER_DIR; };
		25629E4C2C53CF3A00CDD2AD /* tawk.to.appTests.xctest */ = {isa = PBXFileReference; explicitFileType = wrapper.cfbundle; includeInIndex = 0; path = tawk.to.appTests.xctest; sourceTree = BUILT_PRODUCTS_DIR; };
		25629E4E2C53CF3A00CDD2AD /* tawk_to_appTests.swift */ = {isa = PBXFileReference; lastKnownFileType = sourcecode.swift; path = tawk_to_appTests.swift; sourceTree = "<group>"; };
		25629E552C53D09000CDD2AD /* MockedRequestManager.swift */ = {isa = PBXFileReference; lastKnownFileType = sourcecode.swift; path = MockedRequestManager.swift; sourceTree = "<group>"; };
		25629E582C53D0B400CDD2AD /* MockedCoreDataManager.swift */ = {isa = PBXFileReference; lastKnownFileType = sourcecode.swift; path = MockedCoreDataManager.swift; sourceTree = "<group>"; };
/* End PBXFileReference section */

/* Begin PBXFrameworksBuildPhase section */
		25629D8D2C4E586100CDD2AD /* Frameworks */ = {
			isa = PBXFrameworksBuildPhase;
			buildActionMask = 2147483647;
			files = (
			);
			runOnlyForDeploymentPostprocessing = 0;
		};
		25629E492C53CF3A00CDD2AD /* Frameworks */ = {
			isa = PBXFrameworksBuildPhase;
			buildActionMask = 2147483647;
			files = (
			);
			runOnlyForDeploymentPostprocessing = 0;
		};
/* End PBXFrameworksBuildPhase section */

/* Begin PBXGroup section */
		25629D872C4E586100CDD2AD = {
			isa = PBXGroup;
			children = (
				25629D922C4E586100CDD2AD /* tawk.to.app */,
				25629E4D2C53CF3A00CDD2AD /* tawk.to.appTests */,
				25629D912C4E586100CDD2AD /* Products */,
				25629E1D2C5320BF00CDD2AD /* Frameworks */,
			);
			sourceTree = "<group>";
		};
		25629D912C4E586100CDD2AD /* Products */ = {
			isa = PBXGroup;
			children = (
				25629D902C4E586100CDD2AD /* tawk.to.app.app */,
				25629E4C2C53CF3A00CDD2AD /* tawk.to.appTests.xctest */,
			);
			name = Products;
			sourceTree = "<group>";
		};
		25629D922C4E586100CDD2AD /* tawk.to.app */ = {
			isa = PBXGroup;
			children = (
				25629D932C4E586100CDD2AD /* AppDelegate.swift */,
				25629D952C4E586100CDD2AD /* SceneDelegate.swift */,
				25629DAA2C4E953D00CDD2AD /* Scenes */,
				25629DAC2C4E959800CDD2AD /* Helpers */,
				25629DB72C4E99A900CDD2AD /* Networking */,
				25629DD52C4EB3AB00CDD2AD /* Components */,
				25629DAB2C4E954400CDD2AD /* Utils */,
				25629E072C52FC0B00CDD2AD /* DataManagement */,
				25629D9F2C4E586200CDD2AD /* Assets.xcassets */,
				25629DA12C4E586200CDD2AD /* LaunchScreen.storyboard */,
				25629DA42C4E586200CDD2AD /* Info.plist */,
			);
			path = tawk.to.app;
			sourceTree = "<group>";
		};
		25629DAA2C4E953D00CDD2AD /* Scenes */ = {
			isa = PBXGroup;
			children = (
				25629DB42C4E966E00CDD2AD /* Main */,
				25629DF12C51965B00CDD2AD /* Profile */,
			);
			path = Scenes;
			sourceTree = "<group>";
		};
		25629DAB2C4E954400CDD2AD /* Utils */ = {
			isa = PBXGroup;
			children = (
				25629DCB2C4EACA000CDD2AD /* Fonts */,
				25629DD12C4EACB700CDD2AD /* UIFont+Ext.swift */,
				25629DFD2C52556800CDD2AD /* Font+Ext.swift */,
				25629DD82C4ECC9A00CDD2AD /* UIView+Ext.swift */,
				25629DE82C50429D00CDD2AD /* UIStackView+Ext.swift */,
				25629E012C525BCE00CDD2AD /* UIImage+Ext.swift */,
				25629DEC2C5064B800CDD2AD /* UIImageView+Ext.swift */,
				25629DDA2C4ED6B300CDD2AD /* Size.swift */,
			);
			path = Utils;
			sourceTree = "<group>";
		};
		25629DAC2C4E959800CDD2AD /* Helpers */ = {
			isa = PBXGroup;
			children = (
				25629DAD2C4E959E00CDD2AD /* Layout */,
				25629DC42C4EA5CD00CDD2AD /* BaseView.swift */,
				25629DE62C503C5C00CDD2AD /* BaseCell.swift */,
				25629DEE2C51672200CDD2AD /* PlaceholderType.swift */,
				25629E032C52656500CDD2AD /* SearchType.swift */,
				25629DF42C51974B00CDD2AD /* SwiftUIViewController.swift */,
			);
			path = Helpers;
			sourceTree = "<group>";
		};
		25629DAD2C4E959E00CDD2AD /* Layout */ = {
			isa = PBXGroup;
			children = (
				25629DAE2C4E95A800CDD2AD /* LayoutEdge.swift */,
				25629DB02C4E95A800CDD2AD /* OptionSetIterator.swift */,
				25629DAF2C4E95A800CDD2AD /* SequenceOptionSet.swift */,
			);
			path = Layout;
			sourceTree = "<group>";
		};
		25629DB42C4E966E00CDD2AD /* Main */ = {
			isa = PBXGroup;
			children = (
				25629D972C4E586100CDD2AD /* MainViewController.swift */,
				25629DC22C4EA57F00CDD2AD /* MainView.swift */,
				25629DB52C4E967E00CDD2AD /* MainViewModel.swift */,
				25629DF02C51933200CDD2AD /* Model */,
			);
			path = Main;
			sourceTree = "<group>";
		};
		25629DB72C4E99A900CDD2AD /* Networking */ = {
			isa = PBXGroup;
			children = (
				25629DDE2C4EE5D300CDD2AD /* GitHubService.swift */,
				25629DB92C4E99DE00CDD2AD /* RequestManager.swift */,
				25629DBA2C4E99DE00CDD2AD /* ServiceProtocol.swift */,
				25629DC02C4EA49D00CDD2AD /* HTTPMethod.swift */,
				25629DBE2C4EA47100CDD2AD /* EmptyResponse.swift */,
				25629DB82C4E99DE00CDD2AD /* NetworkError.swift */,
				25629DDC2C4EE58500CDD2AD /* Endpoint.swift */,
				25629DEA2C50647300CDD2AD /* ImageCache.swift */,
			);
			path = Networking;
			sourceTree = "<group>";
		};
		25629DCB2C4EACA000CDD2AD /* Fonts */ = {
			isa = PBXGroup;
			children = (
				25629DC62C4EACA000CDD2AD /* Poppins-Bold.ttf */,
				25629DC72C4EACA000CDD2AD /* Poppins-Light.ttf */,
				25629DC82C4EACA000CDD2AD /* Poppins-Medium.ttf */,
				25629DC92C4EACA000CDD2AD /* Poppins-Regular.ttf */,
				25629DCA2C4EACA000CDD2AD /* Poppins-SemiBold.ttf */,
			);
			path = Fonts;
			sourceTree = "<group>";
		};
		25629DD52C4EB3AB00CDD2AD /* Components */ = {
			isa = PBXGroup;
			children = (
				25629DD62C4EB3C100CDD2AD /* SearchView.swift */,
				25629DE42C503C2800CDD2AD /* UserCell.swift */,
				25629DFB2C51A5AE00CDD2AD /* AsyncImage.swift */,
				25629DFF2C52580F00CDD2AD /* PillText.swift */,
				25629E052C52F76B00CDD2AD /* TitledText.swift */,
			);
			path = Components;
			sourceTree = "<group>";
		};
		25629DF02C51933200CDD2AD /* Model */ = {
			isa = PBXGroup;
			children = (
				25629DE02C4EE78600CDD2AD /* UserInfo.swift */,
				25629DE22C4EE79E00CDD2AD /* SearchResult.swift */,
			);
			path = Model;
			sourceTree = "<group>";
		};
		25629DF12C51965B00CDD2AD /* Profile */ = {
			isa = PBXGroup;
			children = (
				25629DF22C51972100CDD2AD /* ProfileView.swift */,
				25629DF62C51990100CDD2AD /* ProfileViewModel.swift */,
				25629DF92C519C4800CDD2AD /* UserDetails.swift */,
			);
			path = Profile;
			sourceTree = "<group>";
		};
		25629E072C52FC0B00CDD2AD /* DataManagement */ = {
			isa = PBXGroup;
			children = (
				25629E082C52FD1E00CDD2AD /* CoreDataManager.swift */,
				25629E0A2C52FF8700CDD2AD /* UserInfo+Ext.swift */,
				25629E0C2C53015E00CDD2AD /* Model.xcdatamodeld */,
			);
			path = DataManagement;
			sourceTree = "<group>";
		};
		25629E1D2C5320BF00CDD2AD /* Frameworks */ = {
			isa = PBXGroup;
			children = (
				25629E1E2C5320BF00CDD2AD /* XCTest.framework */,
			);
			name = Frameworks;
			sourceTree = "<group>";
		};
		25629E4D2C53CF3A00CDD2AD /* tawk.to.appTests */ = {
			isa = PBXGroup;
			children = (
				25629E4E2C53CF3A00CDD2AD /* tawk_to_appTests.swift */,
				25629E552C53D09000CDD2AD /* MockedRequestManager.swift */,
				25629E582C53D0B400CDD2AD /* MockedCoreDataManager.swift */,
			);
			path = tawk.to.appTests;
			sourceTree = "<group>";
		};
/* End PBXGroup section */

/* Begin PBXNativeTarget section */
		25629D8F2C4E586100CDD2AD /* tawk.to.app */ = {
			isa = PBXNativeTarget;
			buildConfigurationList = 25629DA72C4E586200CDD2AD /* Build configuration list for PBXNativeTarget "tawk.to.app" */;
			buildPhases = (
				25629D8C2C4E586100CDD2AD /* Sources */,
				25629D8D2C4E586100CDD2AD /* Frameworks */,
				25629D8E2C4E586100CDD2AD /* Resources */,
			);
			buildRules = (
			);
			dependencies = (
			);
			name = tawk.to.app;
			productName = tawk.to.app;
			productReference = 25629D902C4E586100CDD2AD /* tawk.to.app.app */;
			productType = "com.apple.product-type.application";
		};
		25629E4B2C53CF3A00CDD2AD /* tawk.to.appTests */ = {
			isa = PBXNativeTarget;
			buildConfigurationList = 25629E542C53CF3A00CDD2AD /* Build configuration list for PBXNativeTarget "tawk.to.appTests" */;
			buildPhases = (
				25629E482C53CF3A00CDD2AD /* Sources */,
				25629E492C53CF3A00CDD2AD /* Frameworks */,
				25629E4A2C53CF3A00CDD2AD /* Resources */,
			);
			buildRules = (
			);
			dependencies = (
				25629E512C53CF3A00CDD2AD /* PBXTargetDependency */,
			);
			name = tawk.to.appTests;
			productName = tawk.to.appTests;
			productReference = 25629E4C2C53CF3A00CDD2AD /* tawk.to.appTests.xctest */;
			productType = "com.apple.product-type.bundle.unit-test";
		};
/* End PBXNativeTarget section */

/* Begin PBXProject section */
		25629D882C4E586100CDD2AD /* Project object */ = {
			isa = PBXProject;
			attributes = {
				BuildIndependentTargetsInParallel = 1;
				LastSwiftUpdateCheck = 1530;
				LastUpgradeCheck = 1530;
				TargetAttributes = {
					25629D8F2C4E586100CDD2AD = {
						CreatedOnToolsVersion = 15.3;
					};
					25629E4B2C53CF3A00CDD2AD = {
						CreatedOnToolsVersion = 15.3;
						TestTargetID = 25629D8F2C4E586100CDD2AD;
					};
				};
			};
			buildConfigurationList = 25629D8B2C4E586100CDD2AD /* Build configuration list for PBXProject "tawk.to.app" */;
			compatibilityVersion = "Xcode 14.0";
			developmentRegion = en;
			hasScannedForEncodings = 0;
			knownRegions = (
				en,
				Base,
			);
			mainGroup = 25629D872C4E586100CDD2AD;
			productRefGroup = 25629D912C4E586100CDD2AD /* Products */;
			projectDirPath = "";
			projectRoot = "";
			targets = (
				25629D8F2C4E586100CDD2AD /* tawk.to.app */,
				25629E4B2C53CF3A00CDD2AD /* tawk.to.appTests */,
			);
		};
/* End PBXProject section */

/* Begin PBXResourcesBuildPhase section */
		25629D8E2C4E586100CDD2AD /* Resources */ = {
			isa = PBXResourcesBuildPhase;
			buildActionMask = 2147483647;
			files = (
				25629DA02C4E586200CDD2AD /* Assets.xcassets in Resources */,
				25629DD02C4EACA000CDD2AD /* Poppins-SemiBold.ttf in Resources */,
				25629DCC2C4EACA000CDD2AD /* Poppins-Bold.ttf in Resources */,
				25629DA32C4E586200CDD2AD /* Base in Resources */,
				25629DCF2C4EACA000CDD2AD /* Poppins-Regular.ttf in Resources */,
				25629DCD2C4EACA000CDD2AD /* Poppins-Light.ttf in Resources */,
				25629DCE2C4EACA000CDD2AD /* Poppins-Medium.ttf in Resources */,
			);
			runOnlyForDeploymentPostprocessing = 0;
		};
		25629E4A2C53CF3A00CDD2AD /* Resources */ = {
			isa = PBXResourcesBuildPhase;
			buildActionMask = 2147483647;
			files = (
			);
			runOnlyForDeploymentPostprocessing = 0;
		};
/* End PBXResourcesBuildPhase section */

/* Begin PBXSourcesBuildPhase section */
		25629D8C2C4E586100CDD2AD /* Sources */ = {
			isa = PBXSourcesBuildPhase;
			buildActionMask = 2147483647;
			files = (
				25629DE32C4EE79E00CDD2AD /* SearchResult.swift in Sources */,
				25629DBF2C4EA47100CDD2AD /* EmptyResponse.swift in Sources */,
				25629DC32C4EA57F00CDD2AD /* MainView.swift in Sources */,
				25629E042C52656500CDD2AD /* SearchType.swift in Sources */,
				25629D982C4E586100CDD2AD /* MainViewController.swift in Sources */,
				25629DB32C4E95A800CDD2AD /* OptionSetIterator.swift in Sources */,
				25629DD92C4ECC9A00CDD2AD /* UIView+Ext.swift in Sources */,
				25629DB22C4E95A800CDD2AD /* SequenceOptionSet.swift in Sources */,
				25629DFE2C52556800CDD2AD /* Font+Ext.swift in Sources */,
				25629DE52C503C2800CDD2AD /* UserCell.swift in Sources */,
				25629D942C4E586100CDD2AD /* AppDelegate.swift in Sources */,
				25629DBC2C4E99DE00CDD2AD /* RequestManager.swift in Sources */,
				25629D962C4E586100CDD2AD /* SceneDelegate.swift in Sources */,
				25629DEB2C50647300CDD2AD /* ImageCache.swift in Sources */,
				25629DE12C4EE78600CDD2AD /* UserInfo.swift in Sources */,
				25629DF72C51990100CDD2AD /* ProfileViewModel.swift in Sources */,
				25629DDB2C4ED6B300CDD2AD /* Size.swift in Sources */,
				25629DF52C51974B00CDD2AD /* SwiftUIViewController.swift in Sources */,
				25629DFA2C519C4800CDD2AD /* UserDetails.swift in Sources */,
				25629DD72C4EB3C100CDD2AD /* SearchView.swift in Sources */,
				25629E572C53D09600CDD2AD /* MockedRequestManager.swift in Sources */,
				25629DBB2C4E99DE00CDD2AD /* NetworkError.swift in Sources */,
				25629E5A2C53D0B900CDD2AD /* MockedCoreDataManager.swift in Sources */,
				25629DFC2C51A5AE00CDD2AD /* AsyncImage.swift in Sources */,
				25629DDF2C4EE5D300CDD2AD /* GitHubService.swift in Sources */,
				25629E002C52580F00CDD2AD /* PillText.swift in Sources */,
				25629DEF2C51672200CDD2AD /* PlaceholderType.swift in Sources */,
				25629E0B2C52FF8700CDD2AD /* UserInfo+Ext.swift in Sources */,
				25629E0E2C53015E00CDD2AD /* Model.xcdatamodeld in Sources */,
				25629DB12C4E95A800CDD2AD /* LayoutEdge.swift in Sources */,
				25629DDD2C4EE58500CDD2AD /* Endpoint.swift in Sources */,
				25629DC12C4EA49D00CDD2AD /* HTTPMethod.swift in Sources */,
				25629DF32C51972100CDD2AD /* ProfileView.swift in Sources */,
				25629DED2C5064B800CDD2AD /* UIImageView+Ext.swift in Sources */,
				25629DD22C4EACB700CDD2AD /* UIFont+Ext.swift in Sources */,
				25629E022C525BCE00CDD2AD /* UIImage+Ext.swift in Sources */,
				25629DC52C4EA5CD00CDD2AD /* BaseView.swift in Sources */,
				25629DB62C4E967E00CDD2AD /* MainViewModel.swift in Sources */,
				25629DE92C50429D00CDD2AD /* UIStackView+Ext.swift in Sources */,
				25629E062C52F76B00CDD2AD /* TitledText.swift in Sources */,
				25629DE72C503C5C00CDD2AD /* BaseCell.swift in Sources */,
				25629E092C52FD1E00CDD2AD /* CoreDataManager.swift in Sources */,
				25629DBD2C4E99DE00CDD2AD /* ServiceProtocol.swift in Sources */,
			);
			runOnlyForDeploymentPostprocessing = 0;
		};
		25629E482C53CF3A00CDD2AD /* Sources */ = {
			isa = PBXSourcesBuildPhase;
			buildActionMask = 2147483647;
			files = (
				25629E602C53D17D00CDD2AD /* CoreDataManager.swift in Sources */,
				25629E632C53D18D00CDD2AD /* SearchResult.swift in Sources */,
				25629E5F2C53D17500CDD2AD /* MainViewModel.swift in Sources */,
				25629E652C53D1B300CDD2AD /* HTTPMethod.swift in Sources */,
				25629E592C53D0B400CDD2AD /* MockedCoreDataManager.swift in Sources */,
				25629E622C53D18800CDD2AD /* SearchType.swift in Sources */,
				25629E682C53D1CB00CDD2AD /* GitHubService.swift in Sources */,
				25629E692C53D1CE00CDD2AD /* PlaceholderType.swift in Sources */,
				25629E6F2C53D93E00CDD2AD /* Model.xcdatamodeld in Sources */,
				25629E6C2C53D1F100CDD2AD /* Endpoint.swift in Sources */,
				25629E702C53D94800CDD2AD /* UserInfo+Ext.swift in Sources */,
				25629E562C53D09000CDD2AD /* MockedRequestManager.swift in Sources */,
				25629E4F2C53CF3A00CDD2AD /* tawk_to_appTests.swift in Sources */,
				25629E672C53D1BF00CDD2AD /* EmptyResponse.swift in Sources */,
				25629E662C53D1BB00CDD2AD /* NetworkError.swift in Sources */,
				25629E5E2C53D16200CDD2AD /* RequestManager.swift in Sources */,
				25629E6D2C53D82400CDD2AD /* UserInfo.swift in Sources */,
				25629E642C53D19000CDD2AD /* ServiceProtocol.swift in Sources */,
			);
			runOnlyForDeploymentPostprocessing = 0;
		};
/* End PBXSourcesBuildPhase section */

/* Begin PBXTargetDependency section */
		25629E512C53CF3A00CDD2AD /* PBXTargetDependency */ = {
			isa = PBXTargetDependency;
			target = 25629D8F2C4E586100CDD2AD /* tawk.to.app */;
			targetProxy = 25629E502C53CF3A00CDD2AD /* PBXContainerItemProxy */;
		};
/* End PBXTargetDependency section */

/* Begin PBXVariantGroup section */
		25629DA12C4E586200CDD2AD /* LaunchScreen.storyboard */ = {
			isa = PBXVariantGroup;
			children = (
				25629DA22C4E586200CDD2AD /* Base */,
			);
			name = LaunchScreen.storyboard;
			sourceTree = "<group>";
		};
/* End PBXVariantGroup section */

/* Begin XCBuildConfiguration section */
		25629DA52C4E586200CDD2AD /* Debug */ = {
			isa = XCBuildConfiguration;
			buildSettings = {
				ALWAYS_SEARCH_USER_PATHS = NO;
				ASSETCATALOG_COMPILER_GENERATE_SWIFT_ASSET_SYMBOL_EXTENSIONS = YES;
				CLANG_ANALYZER_NONNULL = YES;
				CLANG_ANALYZER_NUMBER_OBJECT_CONVERSION = YES_AGGRESSIVE;
				CLANG_CXX_LANGUAGE_STANDARD = "gnu++20";
				CLANG_ENABLE_MODULES = YES;
				CLANG_ENABLE_OBJC_ARC = YES;
				CLANG_ENABLE_OBJC_WEAK = YES;
				CLANG_WARN_BLOCK_CAPTURE_AUTORELEASING = YES;
				CLANG_WARN_BOOL_CONVERSION = YES;
				CLANG_WARN_COMMA = YES;
				CLANG_WARN_CONSTANT_CONVERSION = YES;
				CLANG_WARN_DEPRECATED_OBJC_IMPLEMENTATIONS = YES;
				CLANG_WARN_DIRECT_OBJC_ISA_USAGE = YES_ERROR;
				CLANG_WARN_DOCUMENTATION_COMMENTS = YES;
				CLANG_WARN_EMPTY_BODY = YES;
				CLANG_WARN_ENUM_CONVERSION = YES;
				CLANG_WARN_INFINITE_RECURSION = YES;
				CLANG_WARN_INT_CONVERSION = YES;
				CLANG_WARN_NON_LITERAL_NULL_CONVERSION = YES;
				CLANG_WARN_OBJC_IMPLICIT_RETAIN_SELF = YES;
				CLANG_WARN_OBJC_LITERAL_CONVERSION = YES;
				CLANG_WARN_OBJC_ROOT_CLASS = YES_ERROR;
				CLANG_WARN_QUOTED_INCLUDE_IN_FRAMEWORK_HEADER = YES;
				CLANG_WARN_RANGE_LOOP_ANALYSIS = YES;
				CLANG_WARN_STRICT_PROTOTYPES = YES;
				CLANG_WARN_SUSPICIOUS_MOVE = YES;
				CLANG_WARN_UNGUARDED_AVAILABILITY = YES_AGGRESSIVE;
				CLANG_WARN_UNREACHABLE_CODE = YES;
				CLANG_WARN__DUPLICATE_METHOD_MATCH = YES;
				COPY_PHASE_STRIP = NO;
				DEBUG_INFORMATION_FORMAT = dwarf;
				ENABLE_STRICT_OBJC_MSGSEND = YES;
				ENABLE_TESTABILITY = YES;
				ENABLE_USER_SCRIPT_SANDBOXING = YES;
				GCC_C_LANGUAGE_STANDARD = gnu17;
				GCC_DYNAMIC_NO_PIC = NO;
				GCC_NO_COMMON_BLOCKS = YES;
				GCC_OPTIMIZATION_LEVEL = 0;
				GCC_PREPROCESSOR_DEFINITIONS = (
					"DEBUG=1",
					"$(inherited)",
				);
				GCC_WARN_64_TO_32_BIT_CONVERSION = YES;
				GCC_WARN_ABOUT_RETURN_TYPE = YES_ERROR;
				GCC_WARN_UNDECLARED_SELECTOR = YES;
				GCC_WARN_UNINITIALIZED_AUTOS = YES_AGGRESSIVE;
				GCC_WARN_UNUSED_FUNCTION = YES;
				GCC_WARN_UNUSED_VARIABLE = YES;
				IPHONEOS_DEPLOYMENT_TARGET = 14.0;
				LOCALIZATION_PREFERS_STRING_CATALOGS = YES;
				MTL_ENABLE_DEBUG_INFO = INCLUDE_SOURCE;
				MTL_FAST_MATH = YES;
				ONLY_ACTIVE_ARCH = YES;
				SDKROOT = iphoneos;
				SWIFT_ACTIVE_COMPILATION_CONDITIONS = "DEBUG $(inherited)";
				SWIFT_OPTIMIZATION_LEVEL = "-Onone";
			};
			name = Debug;
		};
		25629DA62C4E586200CDD2AD /* Release */ = {
			isa = XCBuildConfiguration;
			buildSettings = {
				ALWAYS_SEARCH_USER_PATHS = NO;
				ASSETCATALOG_COMPILER_GENERATE_SWIFT_ASSET_SYMBOL_EXTENSIONS = YES;
				CLANG_ANALYZER_NONNULL = YES;
				CLANG_ANALYZER_NUMBER_OBJECT_CONVERSION = YES_AGGRESSIVE;
				CLANG_CXX_LANGUAGE_STANDARD = "gnu++20";
				CLANG_ENABLE_MODULES = YES;
				CLANG_ENABLE_OBJC_ARC = YES;
				CLANG_ENABLE_OBJC_WEAK = YES;
				CLANG_WARN_BLOCK_CAPTURE_AUTORELEASING = YES;
				CLANG_WARN_BOOL_CONVERSION = YES;
				CLANG_WARN_COMMA = YES;
				CLANG_WARN_CONSTANT_CONVERSION = YES;
				CLANG_WARN_DEPRECATED_OBJC_IMPLEMENTATIONS = YES;
				CLANG_WARN_DIRECT_OBJC_ISA_USAGE = YES_ERROR;
				CLANG_WARN_DOCUMENTATION_COMMENTS = YES;
				CLANG_WARN_EMPTY_BODY = YES;
				CLANG_WARN_ENUM_CONVERSION = YES;
				CLANG_WARN_INFINITE_RECURSION = YES;
				CLANG_WARN_INT_CONVERSION = YES;
				CLANG_WARN_NON_LITERAL_NULL_CONVERSION = YES;
				CLANG_WARN_OBJC_IMPLICIT_RETAIN_SELF = YES;
				CLANG_WARN_OBJC_LITERAL_CONVERSION = YES;
				CLANG_WARN_OBJC_ROOT_CLASS = YES_ERROR;
				CLANG_WARN_QUOTED_INCLUDE_IN_FRAMEWORK_HEADER = YES;
				CLANG_WARN_RANGE_LOOP_ANALYSIS = YES;
				CLANG_WARN_STRICT_PROTOTYPES = YES;
				CLANG_WARN_SUSPICIOUS_MOVE = YES;
				CLANG_WARN_UNGUARDED_AVAILABILITY = YES_AGGRESSIVE;
				CLANG_WARN_UNREACHABLE_CODE = YES;
				CLANG_WARN__DUPLICATE_METHOD_MATCH = YES;
				COPY_PHASE_STRIP = NO;
				DEBUG_INFORMATION_FORMAT = "dwarf-with-dsym";
				ENABLE_NS_ASSERTIONS = NO;
				ENABLE_STRICT_OBJC_MSGSEND = YES;
				ENABLE_USER_SCRIPT_SANDBOXING = YES;
				GCC_C_LANGUAGE_STANDARD = gnu17;
				GCC_NO_COMMON_BLOCKS = YES;
				GCC_WARN_64_TO_32_BIT_CONVERSION = YES;
				GCC_WARN_ABOUT_RETURN_TYPE = YES_ERROR;
				GCC_WARN_UNDECLARED_SELECTOR = YES;
				GCC_WARN_UNINITIALIZED_AUTOS = YES_AGGRESSIVE;
				GCC_WARN_UNUSED_FUNCTION = YES;
				GCC_WARN_UNUSED_VARIABLE = YES;
				IPHONEOS_DEPLOYMENT_TARGET = 14.0;
				LOCALIZATION_PREFERS_STRING_CATALOGS = YES;
				MTL_ENABLE_DEBUG_INFO = NO;
				MTL_FAST_MATH = YES;
				SDKROOT = iphoneos;
				SWIFT_COMPILATION_MODE = wholemodule;
				VALIDATE_PRODUCT = YES;
			};
			name = Release;
		};
		25629DA82C4E586200CDD2AD /* Debug */ = {
			isa = XCBuildConfiguration;
			buildSettings = {
				ASSETCATALOG_COMPILER_APPICON_NAME = AppIcon;
				ASSETCATALOG_COMPILER_GLOBAL_ACCENT_COLOR_NAME = AccentColor;
				CODE_SIGN_STYLE = Automatic;
				CURRENT_PROJECT_VERSION = 1;
				DEVELOPMENT_TEAM = 9734TBY65C;
				GENERATE_INFOPLIST_FILE = YES;
				INFOPLIST_FILE = tawk.to.app/Info.plist;
				INFOPLIST_KEY_CFBundleDisplayName = "tawk-to-app";
				INFOPLIST_KEY_LSApplicationCategoryType = "public.app-category.social-networking";
				INFOPLIST_KEY_UIApplicationSupportsIndirectInputEvents = YES;
				INFOPLIST_KEY_UILaunchStoryboardName = LaunchScreen;
				INFOPLIST_KEY_UISupportedInterfaceOrientations_iPad = "UIInterfaceOrientationPortrait UIInterfaceOrientationPortraitUpsideDown UIInterfaceOrientationLandscapeLeft UIInterfaceOrientationLandscapeRight";
				INFOPLIST_KEY_UISupportedInterfaceOrientations_iPhone = "UIInterfaceOrientationPortrait UIInterfaceOrientationLandscapeLeft UIInterfaceOrientationLandscapeRight";
				LD_RUNPATH_SEARCH_PATHS = (
					"$(inherited)",
					"@executable_path/Frameworks",
				);
				MARKETING_VERSION = 1.0;
				PRODUCT_BUNDLE_IDENTIFIER = "com.aleksytylkowski.tawk-to-app";
				PRODUCT_NAME = "$(TARGET_NAME)";
				SWIFT_EMIT_LOC_STRINGS = YES;
				SWIFT_VERSION = 5.0;
				TARGETED_DEVICE_FAMILY = "1,2";
			};
			name = Debug;
		};
		25629DA92C4E586200CDD2AD /* Release */ = {
			isa = XCBuildConfiguration;
			buildSettings = {
				ASSETCATALOG_COMPILER_APPICON_NAME = AppIcon;
				ASSETCATALOG_COMPILER_GLOBAL_ACCENT_COLOR_NAME = AccentColor;
				CODE_SIGN_STYLE = Automatic;
				CURRENT_PROJECT_VERSION = 1;
				DEVELOPMENT_TEAM = 9734TBY65C;
				GENERATE_INFOPLIST_FILE = YES;
				INFOPLIST_FILE = tawk.to.app/Info.plist;
				INFOPLIST_KEY_CFBundleDisplayName = "tawk-to-app";
				INFOPLIST_KEY_LSApplicationCategoryType = "public.app-category.social-networking";
				INFOPLIST_KEY_UIApplicationSupportsIndirectInputEvents = YES;
				INFOPLIST_KEY_UILaunchStoryboardName = LaunchScreen;
				INFOPLIST_KEY_UISupportedInterfaceOrientations_iPad = "UIInterfaceOrientationPortrait UIInterfaceOrientationPortraitUpsideDown UIInterfaceOrientationLandscapeLeft UIInterfaceOrientationLandscapeRight";
				INFOPLIST_KEY_UISupportedInterfaceOrientations_iPhone = "UIInterfaceOrientationPortrait UIInterfaceOrientationLandscapeLeft UIInterfaceOrientationLandscapeRight";
				LD_RUNPATH_SEARCH_PATHS = (
					"$(inherited)",
					"@executable_path/Frameworks",
				);
				MARKETING_VERSION = 1.0;
				PRODUCT_BUNDLE_IDENTIFIER = "com.aleksytylkowski.tawk-to-app";
				PRODUCT_NAME = "$(TARGET_NAME)";
				SWIFT_EMIT_LOC_STRINGS = YES;
				SWIFT_VERSION = 5.0;
				TARGETED_DEVICE_FAMILY = "1,2";
			};
			name = Release;
		};
		25629E522C53CF3A00CDD2AD /* Debug */ = {
			isa = XCBuildConfiguration;
			buildSettings = {
				BUNDLE_LOADER = "$(TEST_HOST)";
				CODE_SIGN_STYLE = Automatic;
				CURRENT_PROJECT_VERSION = 1;
				DEVELOPMENT_TEAM = 9734TBY65C;
				GENERATE_INFOPLIST_FILE = YES;
				IPHONEOS_DEPLOYMENT_TARGET = 17.4;
				MARKETING_VERSION = 1.0;
				PRODUCT_BUNDLE_IDENTIFIER = "com.aleksytylkowski.tawk-to-appTests";
				PRODUCT_NAME = "$(TARGET_NAME)";
				SWIFT_EMIT_LOC_STRINGS = NO;
				SWIFT_VERSION = 5.0;
				TARGETED_DEVICE_FAMILY = "1,2";
				TEST_HOST = "$(BUILT_PRODUCTS_DIR)/tawk.to.app.app/$(BUNDLE_EXECUTABLE_FOLDER_PATH)/tawk.to.app";
			};
			name = Debug;
		};
		25629E532C53CF3A00CDD2AD /* Release */ = {
			isa = XCBuildConfiguration;
			buildSettings = {
				BUNDLE_LOADER = "$(TEST_HOST)";
				CODE_SIGN_STYLE = Automatic;
				CURRENT_PROJECT_VERSION = 1;
				DEVELOPMENT_TEAM = 9734TBY65C;
				GENERATE_INFOPLIST_FILE = YES;
				IPHONEOS_DEPLOYMENT_TARGET = 17.4;
				MARKETING_VERSION = 1.0;
				PRODUCT_BUNDLE_IDENTIFIER = "com.aleksytylkowski.tawk-to-appTests";
				PRODUCT_NAME = "$(TARGET_NAME)";
				SWIFT_EMIT_LOC_STRINGS = NO;
				SWIFT_VERSION = 5.0;
				TARGETED_DEVICE_FAMILY = "1,2";
				TEST_HOST = "$(BUILT_PRODUCTS_DIR)/tawk.to.app.app/$(BUNDLE_EXECUTABLE_FOLDER_PATH)/tawk.to.app";
			};
			name = Release;
		};
/* End XCBuildConfiguration section */

/* Begin XCConfigurationList section */
		25629D8B2C4E586100CDD2AD /* Build configuration list for PBXProject "tawk.to.app" */ = {
			isa = XCConfigurationList;
			buildConfigurations = (
				25629DA52C4E586200CDD2AD /* Debug */,
				25629DA62C4E586200CDD2AD /* Release */,
			);
			defaultConfigurationIsVisible = 0;
			defaultConfigurationName = Release;
		};
		25629DA72C4E586200CDD2AD /* Build configuration list for PBXNativeTarget "tawk.to.app" */ = {
			isa = XCConfigurationList;
			buildConfigurations = (
				25629DA82C4E586200CDD2AD /* Debug */,
				25629DA92C4E586200CDD2AD /* Release */,
			);
			defaultConfigurationIsVisible = 0;
			defaultConfigurationName = Release;
		};
		25629E542C53CF3A00CDD2AD /* Build configuration list for PBXNativeTarget "tawk.to.appTests" */ = {
			isa = XCConfigurationList;
			buildConfigurations = (
				25629E522C53CF3A00CDD2AD /* Debug */,
				25629E532C53CF3A00CDD2AD /* Release */,
			);
			defaultConfigurationIsVisible = 0;
			defaultConfigurationName = Release;
		};
/* End XCConfigurationList section */

/* Begin XCVersionGroup section */
		25629E0C2C53015E00CDD2AD /* Model.xcdatamodeld */ = {
			isa = XCVersionGroup;
			children = (
				25629E0D2C53015E00CDD2AD /* UserInfoEntity.xcdatamodel */,
			);
			currentVersion = 25629E0D2C53015E00CDD2AD /* UserInfoEntity.xcdatamodel */;
			path = Model.xcdatamodeld;
			sourceTree = "<group>";
			versionGroupType = wrapper.xcdatamodel;
		};
/* End XCVersionGroup section */
	};
	rootObject = 25629D882C4E586100CDD2AD /* Project object */;
}
